
Microsoft Visual Studio Solution File, Format Version 12.00
# Visual Studio 15
VisualStudioVersion = 15.0.28307.1000
MinimumVisualStudioVersion = 10.0.40219.1
Project("{FAE04EC0-301F-11D3-BF4B-00C04F79EFBC}") = "Advantage.API", "Advantage.API\Advantage.API.csproj", "{4ECEEFD3-AFA6-4F82-BEA0-45EC92728C94}"
EndProject
Global
	GlobalSection(SolutionConfigurationPlatforms) = preSolution
		Debug|Any CPU = Debug|Any CPU
		Release|Any CPU = Release|Any CPU
	EndGlobalSection
	GlobalSection(ProjectConfigurationPlatforms) = postSolution
		{4ECEEFD3-AFA6-4F82-BEA0-45EC92728C94}.Debug|Any CPU.ActiveCfg = Debug|Any CPU
		{4ECEEFD3-AFA6-4F82-BEA0-45EC92728C94}.Debug|Any CPU.Build.0 = Debug|Any CPU
		{4ECEEFD3-AFA6-4F82-BEA0-45EC92728C94}.Release|Any CPU.ActiveCfg = Release|Any CPU
		{4ECEEFD3-AFA6-4F82-BEA0-45EC92728C94}.Release|Any CPU.Build.0 = Release|Any CPU
	EndGlobalSection
	GlobalSection(SolutionProperties) = preSolution
		HideSolutionNode = FALSE
	EndGlobalSection
	GlobalSection(ExtensibilityGlobals) = postSolution
		SolutionGuid = {6D38F5A6-01A6-4B89-9B73-6B73B78E3CD7}
	EndGlobalSection
EndGlobal
